
Microsoft Visual Studio Solution File, Format Version 12.00
# Visual Studio Version 17
VisualStudioVersion = 17.1.32421.90
MinimumVisualStudioVersion = 10.0.40219.1
Project("{FAE04EC0-301F-11D3-BF4B-00C04F79EFBC}") = "ejercicioClase6", "ejercicioClase6\ejercicioClase6.csproj", "{A5D9CF4A-1485-4AE2-85FA-06EFD643C114}"
EndProject
Global
	GlobalSection(SolutionConfigurationPlatforms) = preSolution
		Debug|Any CPU = Debug|Any CPU
		Release|Any CPU = Release|Any CPU
	EndGlobalSection
	GlobalSection(ProjectConfigurationPlatforms) = postSolution
		{A5D9CF4A-1485-4AE2-85FA-06EFD643C114}.Debug|Any CPU.ActiveCfg = Debug|Any CPU
		{A5D9CF4A-1485-4AE2-85FA-06EFD643C114}.Debug|Any CPU.Build.0 = Debug|Any CPU
		{A5D9CF4A-1485-4AE2-85FA-06EFD643C114}.Release|Any CPU.ActiveCfg = Release|Any CPU
		{A5D9CF4A-1485-4AE2-85FA-06EFD643C114}.Release|Any CPU.Build.0 = Release|Any CPU
	EndGlobalSection
	GlobalSection(SolutionProperties) = preSolution
		HideSolutionNode = FALSE
	EndGlobalSection
	GlobalSection(ExtensibilityGlobals) = postSolution
		SolutionGuid = {D7CB3362-A9FB-45D4-83C8-854D0143D3F3}
	EndGlobalSection
EndGlobal
